<?xml version="1.0" encoding="UTF-8"?>
<!DOCTYPE plist PUBLIC "-//Apple//DTD PLIST 1.0//EN" "http://www.apple.com/DTDs/PropertyList-1.0.dtd">
<plist version="1.0">
<dict>
	<key>archiveVersion</key>
	<string>1</string>
	<key>classes</key>
	<dict/>
	<key>objectVersion</key>
	<string>46</string>
	<key>objects</key>
	<dict>
		<key>1E0184E240BD4734B431D8FA</key>
		<dict>
			<key>children</key>
			<array>
				<string>F389E9A2C2824F69A8685B6C</string>
			</array>
			<key>isa</key>
			<string>PBXGroup</string>
			<key>name</key>
			<string>Frameworks</string>
			<key>sourceTree</key>
			<string>&lt;group&gt;</string>
		</dict>
		<key>27D7982789DF28AF2F97101D</key>
		<dict>
			<key>includeInIndex</key>
			<string>1</string>
			<key>isa</key>
			<string>PBXFileReference</string>
			<key>lastKnownFileType</key>
			<string>text.xcconfig</string>
			<key>name</key>
			<string>Pods.debug.xcconfig</string>
			<key>path</key>
			<string>Pods/Target Support Files/Pods/Pods.debug.xcconfig</string>
			<key>sourceTree</key>
			<string>&lt;group&gt;</string>
		</dict>
		<key>3044E16B1FD841A940C80031</key>
		<dict>
			<key>children</key>
			<array>
				<string>9CE591D019D97FB600447DE2</string>
				<string>9CE591D119D97FB600447DE2</string>
			</array>
			<key>isa</key>
			<string>PBXGroup</string>
			<key>path</key>
			<string>Card</string>
			<key>sourceTree</key>
			<string>&lt;group&gt;</string>
		</dict>
		<key>3044E2662FE4F8332F6D3C44</key>
		<dict>
			<key>fileRef</key>
			<string>3044E763F46D66BE7D03E588</string>
			<key>isa</key>
			<string>PBXBuildFile</string>
		</dict>
		<key>3044E2931554EE808501A911</key>
		<dict>
			<key>fileRef</key>
			<string>3044EE90EC05E831BBE16E5B</string>
			<key>isa</key>
			<string>PBXBuildFile</string>
		</dict>
		<key>3044E2C0D69A061B4390B622</key>
		<dict>
			<key>fileEncoding</key>
			<string>4</string>
			<key>isa</key>
			<string>PBXFileReference</string>
			<key>lastKnownFileType</key>
			<string>sourcecode.c.objc</string>
			<key>path</key>
			<string>MainPresenter.m</string>
			<key>sourceTree</key>
			<string>&lt;group&gt;</string>
		</dict>
		<key>3044E3A9A78EB40F41C95021</key>
		<dict>
			<key>children</key>
			<array>
				<string>3044E3B96AE8DB7F656AFF8F</string>
				<string>3044E5C52F68DCFC194CD935</string>
				<string>3044E57AB7CED9FF50A2F7EC</string>
				<string>3044EF34B45B9D791FF4E4BB</string>
			</array>
			<key>isa</key>
			<string>PBXGroup</string>
			<key>path</key>
			<string>Cards</string>
			<key>sourceTree</key>
			<string>&lt;group&gt;</string>
		</dict>
		<key>3044E3B96AE8DB7F656AFF8F</key>
		<dict>
			<key>fileEncoding</key>
			<string>4</string>
			<key>isa</key>
			<string>PBXFileReference</string>
			<key>lastKnownFileType</key>
			<string>sourcecode.c.h</string>
			<key>path</key>
			<string>Deck.h</string>
			<key>sourceTree</key>
			<string>&lt;group&gt;</string>
		</dict>
		<key>3044E3F0EA3F62D861A7C87E</key>
		<dict>
			<key>fileRef</key>
			<string>3044E57AB7CED9FF50A2F7EC</string>
			<key>isa</key>
			<string>PBXBuildFile</string>
		</dict>
		<key>3044E42E6A64C0FB33743D76</key>
		<dict>
			<key>children</key>
			<array>
				<string>3044EE90EC05E831BBE16E5B</string>
				<string>3044ED8FACE78E4A0075026A</string>
				<string>3044E6D6C3843514B6129C28</string>
				<string>3044EC968D7061CCD71A2794</string>
			</array>
			<key>isa</key>
			<string>PBXGroup</string>
			<key>path</key>
			<string>Config</string>
			<key>sourceTree</key>
			<string>&lt;group&gt;</string>
		</dict>
		<key>3044E4CE00106C7255ADFD88</key>
		<dict>
			<key>fileEncoding</key>
			<string>4</string>
			<key>isa</key>
			<string>PBXFileReference</string>
			<key>lastKnownFileType</key>
			<string>sourcecode.c.objc</string>
			<key>path</key>
			<string>SettingsPresenter.m</string>
			<key>sourceTree</key>
			<string>&lt;group&gt;</string>
		</dict>
		<key>3044E57AB7CED9FF50A2F7EC</key>
		<dict>
			<key>fileEncoding</key>
			<string>4</string>
			<key>isa</key>
			<string>PBXFileReference</string>
			<key>lastKnownFileType</key>
			<string>sourcecode.c.objc</string>
			<key>path</key>
			<string>Deck.m</string>
			<key>sourceTree</key>
			<string>&lt;group&gt;</string>
		</dict>
		<key>3044E5864764AB458CB5FC6A</key>
		<dict>
			<key>fileEncoding</key>
			<string>4</string>
			<key>isa</key>
			<string>PBXFileReference</string>
			<key>lastKnownFileType</key>
			<string>sourcecode.c.objc</string>
			<key>path</key>
			<string>SettingItem.m</string>
			<key>sourceTree</key>
			<string>&lt;group&gt;</string>
		</dict>
		<key>3044E58FF3922DA2B8039FE8</key>
		<dict>
			<key>children</key>
			<array>
				<string>9CE5921319D9C5CD00447DE2</string>
				<string>9CE5921419D9C5CD00447DE2</string>
				<string>3044E4CE00106C7255ADFD88</string>
				<string>3044EE95CEC5B4558B675A05</string>
			</array>
			<key>isa</key>
			<string>PBXGroup</string>
			<key>path</key>
			<string>Settings</string>
			<key>sourceTree</key>
			<string>&lt;group&gt;</string>
		</dict>
		<key>3044E5C52F68DCFC194CD935</key>
		<dict>
			<key>fileEncoding</key>
			<string>4</string>
			<key>isa</key>
			<string>PBXFileReference</string>
			<key>lastKnownFileType</key>
			<string>sourcecode.c.objc</string>
			<key>path</key>
			<string>Card.m</string>
			<key>sourceTree</key>
			<string>&lt;group&gt;</string>
		</dict>
		<key>3044E5E14C4E9FDDCC05A5A2</key>
		<dict>
			<key>fileEncoding</key>
			<string>4</string>
			<key>isa</key>
			<string>PBXFileReference</string>
			<key>lastKnownFileType</key>
			<string>sourcecode.c.objc</string>
			<key>path</key>
			<string>CardCell.m</string>
			<key>sourceTree</key>
			<string>&lt;group&gt;</string>
		</dict>
		<key>3044E62E422B470E428F17B9</key>
		<dict>
			<key>fileEncoding</key>
			<string>4</string>
			<key>isa</key>
			<string>PBXFileReference</string>
			<key>lastKnownFileType</key>
			<string>sourcecode.c.objc</string>
			<key>path</key>
			<string>SettingGroupItem.m</string>
			<key>sourceTree</key>
			<string>&lt;group&gt;</string>
		</dict>
		<key>3044E64AE675AB3683D6D4CF</key>
		<dict>
			<key>children</key>
			<array>
				<string>3044E92508DA9C7B72C22D37</string>
				<string>3044E5864764AB458CB5FC6A</string>
				<string>3044EC9F5554D23CCFE8EB0D</string>
				<string>3044E91BB3F37D59A8E3F388</string>
				<string>3044E7FAE74652E3A02E97C0</string>
				<string>3044EE74AB5C42CCD577C4D1</string>
				<string>3044E62E422B470E428F17B9</string>
				<string>3044EF5175638DD30148BB81</string>
			</array>
			<key>isa</key>
			<string>PBXGroup</string>
			<key>path</key>
			<string>Settings</string>
			<key>sourceTree</key>
			<string>&lt;group&gt;</string>
		</dict>
		<key>3044E6591ACE0CED1A0B488E</key>
		<dict>
			<key>fileRef</key>
			<string>3044E5864764AB458CB5FC6A</string>
			<key>isa</key>
			<string>PBXBuildFile</string>
		</dict>
		<key>3044E6BC4095F3A749454897</key>
		<dict>
			<key>children</key>
			<array>
				<string>3044E763F46D66BE7D03E588</string>
				<string>3044E9F356424700A6AFB77D</string>
			</array>
			<key>isa</key>
			<string>PBXGroup</string>
			<key>path</key>
			<string>Helpers</string>
			<key>sourceTree</key>
			<string>&lt;group&gt;</string>
		</dict>
		<key>3044E6D6C3843514B6129C28</key>
		<dict>
			<key>fileEncoding</key>
			<string>4</string>
			<key>isa</key>
			<string>PBXFileReference</string>
			<key>lastKnownFileType</key>
			<string>sourcecode.c.objc</string>
			<key>path</key>
			<string>Settings.m</string>
			<key>sourceTree</key>
			<string>&lt;group&gt;</string>
		</dict>
		<key>3044E7030F125451A2779074</key>
		<dict>
			<key>fileEncoding</key>
			<string>4</string>
			<key>isa</key>
			<string>PBXFileReference</string>
			<key>lastKnownFileType</key>
			<string>sourcecode.c.h</string>
			<key>path</key>
			<string>MainViewController.h</string>
			<key>sourceTree</key>
			<string>&lt;group&gt;</string>
		</dict>
		<key>3044E710925207E4FDB6D358</key>
		<dict>
			<key>fileRef</key>
			<string>3044E5C52F68DCFC194CD935</string>
			<key>isa</key>
			<string>PBXBuildFile</string>
		</dict>
		<key>3044E7507344C4509EB2EE88</key>
		<dict>
			<key>fileRef</key>
			<string>3044E5E14C4E9FDDCC05A5A2</string>
			<key>isa</key>
			<string>PBXBuildFile</string>
		</dict>
		<key>3044E763F46D66BE7D03E588</key>
		<dict>
			<key>fileEncoding</key>
			<string>4</string>
			<key>isa</key>
			<string>PBXFileReference</string>
			<key>lastKnownFileType</key>
			<string>sourcecode.c.objc</string>
			<key>path</key>
			<string>UIColor+helper.m</string>
			<key>sourceTree</key>
			<string>&lt;group&gt;</string>
		</dict>
		<key>3044E7D886F94A0F8782B6E3</key>
		<dict>
			<key>children</key>
			<array>
				<string>3044E7030F125451A2779074</string>
				<string>3044E834085467470E463099</string>
				<string>3044EF83E3667B44B3362E5E</string>
				<string>3044E2C0D69A061B4390B622</string>
				<string>3044EE37C795F77F61F22E06</string>
				<string>3044EB0213AED886F0C77A1A</string>
				<string>3044EB3D1F02BE19311BD2FA</string>
				<string>3044E5E14C4E9FDDCC05A5A2</string>
			</array>
			<key>isa</key>
			<string>PBXGroup</string>
			<key>path</key>
			<string>Main</string>
			<key>sourceTree</key>
			<string>&lt;group&gt;</string>
		</dict>
		<key>3044E7FAE74652E3A02E97C0</key>
		<dict>
			<key>fileEncoding</key>
			<string>4</string>
			<key>isa</key>
			<string>PBXFileReference</string>
			<key>lastKnownFileType</key>
			<string>sourcecode.c.objc</string>
			<key>path</key>
			<string>UserItem.m</string>
			<key>sourceTree</key>
			<string>&lt;group&gt;</string>
		</dict>
		<key>3044E834085467470E463099</key>
		<dict>
			<key>fileEncoding</key>
			<string>4</string>
			<key>isa</key>
			<string>PBXFileReference</string>
			<key>lastKnownFileType</key>
			<string>sourcecode.c.h</string>
			<key>path</key>
			<string>MainPresenter.h</string>
			<key>sourceTree</key>
			<string>&lt;group&gt;</string>
		</dict>
		<key>3044E8D92FD2E699111E292C</key>
		<dict>
			<key>fileRef</key>
			<string>3044EE37C795F77F61F22E06</string>
			<key>isa</key>
			<string>PBXBuildFile</string>
		</dict>
		<key>3044E91BB3F37D59A8E3F388</key>
		<dict>
			<key>fileEncoding</key>
			<string>4</string>
			<key>isa</key>
			<string>PBXFileReference</string>
			<key>lastKnownFileType</key>
			<string>sourcecode.c.h</string>
			<key>path</key>
			<string>SessionItem.h</string>
			<key>sourceTree</key>
			<string>&lt;group&gt;</string>
		</dict>
		<key>3044E92508DA9C7B72C22D37</key>
		<dict>
			<key>fileEncoding</key>
			<string>4</string>
			<key>isa</key>
			<string>PBXFileReference</string>
			<key>lastKnownFileType</key>
			<string>sourcecode.c.h</string>
			<key>path</key>
			<string>SettingItem.h</string>
			<key>sourceTree</key>
			<string>&lt;group&gt;</string>
		</dict>
		<key>3044E9687931AEEF383F0695</key>
		<dict>
			<key>fileRef</key>
			<string>3044E7FAE74652E3A02E97C0</string>
			<key>isa</key>
			<string>PBXBuildFile</string>
		</dict>
		<key>3044E9F356424700A6AFB77D</key>
		<dict>
			<key>fileEncoding</key>
			<string>4</string>
			<key>isa</key>
			<string>PBXFileReference</string>
			<key>lastKnownFileType</key>
			<string>sourcecode.c.h</string>
			<key>path</key>
			<string>UIColor+helper.h</string>
			<key>sourceTree</key>
			<string>&lt;group&gt;</string>
		</dict>
		<key>3044EA2628047EEC50504B05</key>
		<dict>
			<key>fileRef</key>
			<string>3044E4CE00106C7255ADFD88</string>
			<key>isa</key>
			<string>PBXBuildFile</string>
		</dict>
		<key>3044EA29D7584FE3F4621478</key>
		<dict>
			<key>fileRef</key>
			<string>3044E62E422B470E428F17B9</string>
			<key>isa</key>
			<string>PBXBuildFile</string>
		</dict>
		<key>3044EB0213AED886F0C77A1A</key>
		<dict>
			<key>fileEncoding</key>
			<string>4</string>
			<key>isa</key>
			<string>PBXFileReference</string>
			<key>lastKnownFileType</key>
			<string>sourcecode.c.h</string>
			<key>path</key>
			<string>Viewing.h</string>
			<key>sourceTree</key>
			<string>&lt;group&gt;</string>
		</dict>
		<key>3044EB3D1F02BE19311BD2FA</key>
		<dict>
			<key>isa</key>
			<string>PBXFileReference</string>
			<key>lastKnownFileType</key>
			<string>file.xib</string>
			<key>path</key>
			<string>CardCell.xib</string>
			<key>sourceTree</key>
			<string>&lt;group&gt;</string>
		</dict>
		<key>3044EC968D7061CCD71A2794</key>
		<dict>
			<key>fileEncoding</key>
			<string>4</string>
			<key>isa</key>
			<string>PBXFileReference</string>
			<key>lastKnownFileType</key>
			<string>sourcecode.c.h</string>
			<key>path</key>
			<string>Settings.h</string>
			<key>sourceTree</key>
			<string>&lt;group&gt;</string>
		</dict>
		<key>3044EC9F5554D23CCFE8EB0D</key>
		<dict>
			<key>fileEncoding</key>
			<string>4</string>
			<key>isa</key>
			<string>PBXFileReference</string>
			<key>lastKnownFileType</key>
			<string>sourcecode.c.objc</string>
			<key>path</key>
			<string>SessionItem.m</string>
			<key>sourceTree</key>
			<string>&lt;group&gt;</string>
		</dict>
		<key>3044ED1A879E0CE3213EB57D</key>
		<dict>
			<key>children</key>
			<array>
				<string>3044E7D886F94A0F8782B6E3</string>
				<string>3044E16B1FD841A940C80031</string>
				<string>9CE591D319D9819200447DE2</string>
				<string>9CE591D419D9819200447DE2</string>
				<string>3044E58FF3922DA2B8039FE8</string>
			</array>
			<key>isa</key>
			<string>PBXGroup</string>
			<key>path</key>
			<string>Screens</string>
			<key>sourceTree</key>
			<string>&lt;group&gt;</string>
		</dict>
		<key>3044ED8FACE78E4A0075026A</key>
		<dict>
			<key>fileEncoding</key>
			<string>4</string>
			<key>isa</key>
			<string>PBXFileReference</string>
			<key>lastKnownFileType</key>
			<string>sourcecode.c.h</string>
			<key>path</key>
			<string>Configuration.h</string>
			<key>sourceTree</key>
			<string>&lt;group&gt;</string>
		</dict>
		<key>3044ED94B9DE4D44AD105921</key>
		<dict>
			<key>fileRef</key>
			<string>3044EB3D1F02BE19311BD2FA</string>
			<key>isa</key>
			<string>PBXBuildFile</string>
		</dict>
		<key>3044ED96B59BDEFBF9F940A4</key>
		<dict>
			<key>fileRef</key>
			<string>3044EC9F5554D23CCFE8EB0D</string>
			<key>isa</key>
			<string>PBXBuildFile</string>
		</dict>
		<key>3044EDE9FE5502BBFFDC9ECF</key>
		<dict>
			<key>fileRef</key>
			<string>3044E6D6C3843514B6129C28</string>
			<key>isa</key>
			<string>PBXBuildFile</string>
		</dict>
		<key>3044EE37C795F77F61F22E06</key>
		<dict>
			<key>fileEncoding</key>
			<string>4</string>
			<key>isa</key>
			<string>PBXFileReference</string>
			<key>lastKnownFileType</key>
			<string>sourcecode.c.objc</string>
			<key>path</key>
			<string>MainViewController.m</string>
			<key>sourceTree</key>
			<string>&lt;group&gt;</string>
		</dict>
		<key>3044EE74AB5C42CCD577C4D1</key>
		<dict>
			<key>fileEncoding</key>
			<string>4</string>
			<key>isa</key>
			<string>PBXFileReference</string>
			<key>lastKnownFileType</key>
			<string>sourcecode.c.h</string>
			<key>path</key>
			<string>UserItem.h</string>
			<key>sourceTree</key>
			<string>&lt;group&gt;</string>
		</dict>
		<key>3044EE90EC05E831BBE16E5B</key>
		<dict>
			<key>fileEncoding</key>
			<string>4</string>
			<key>isa</key>
			<string>PBXFileReference</string>
			<key>lastKnownFileType</key>
			<string>sourcecode.c.objc</string>
			<key>path</key>
			<string>Configuration.m</string>
			<key>sourceTree</key>
			<string>&lt;group&gt;</string>
		</dict>
		<key>3044EE95CEC5B4558B675A05</key>
		<dict>
			<key>fileEncoding</key>
			<string>4</string>
			<key>isa</key>
			<string>PBXFileReference</string>
			<key>lastKnownFileType</key>
			<string>sourcecode.c.h</string>
			<key>path</key>
			<string>SettingsPresenter.h</string>
			<key>sourceTree</key>
			<string>&lt;group&gt;</string>
		</dict>
		<key>3044EF3278E72853AAA24336</key>
		<dict>
			<key>fileRef</key>
			<string>3044E2C0D69A061B4390B622</string>
			<key>isa</key>
			<string>PBXBuildFile</string>
		</dict>
		<key>3044EF34B45B9D791FF4E4BB</key>
		<dict>
			<key>fileEncoding</key>
			<string>4</string>
			<key>isa</key>
			<string>PBXFileReference</string>
			<key>lastKnownFileType</key>
			<string>sourcecode.c.h</string>
			<key>path</key>
			<string>Card.h</string>
			<key>sourceTree</key>
			<string>&lt;group&gt;</string>
		</dict>
		<key>3044EF4DDE23C6C429852BBE</key>
		<dict>
			<key>children</key>
			<array>
				<string>3044E64AE675AB3683D6D4CF</string>
				<string>3044E42E6A64C0FB33743D76</string>
				<string>3044E3A9A78EB40F41C95021</string>
			</array>
			<key>isa</key>
			<string>PBXGroup</string>
			<key>path</key>
			<string>Models</string>
			<key>sourceTree</key>
			<string>&lt;group&gt;</string>
		</dict>
		<key>3044EF5175638DD30148BB81</key>
		<dict>
			<key>fileEncoding</key>
			<string>4</string>
			<key>isa</key>
			<string>PBXFileReference</string>
			<key>lastKnownFileType</key>
			<string>sourcecode.c.h</string>
			<key>path</key>
			<string>SettingGroupItem.h</string>
			<key>sourceTree</key>
			<string>&lt;group&gt;</string>
		</dict>
		<key>3044EF83E3667B44B3362E5E</key>
		<dict>
			<key>fileEncoding</key>
			<string>4</string>
			<key>isa</key>
			<string>PBXFileReference</string>
			<key>lastKnownFileType</key>
			<string>sourcecode.c.h</string>
			<key>path</key>
			<string>CardCell.h</string>
			<key>sourceTree</key>
			<string>&lt;group&gt;</string>
		</dict>
		<key>4BB48A7DABD73A060E6E008E</key>
		<dict>
			<key>includeInIndex</key>
			<string>1</string>
			<key>isa</key>
			<string>PBXFileReference</string>
			<key>lastKnownFileType</key>
			<string>text.xcconfig</string>
			<key>name</key>
			<string>Pods.release.xcconfig</string>
			<key>path</key>
			<string>Pods/Target Support Files/Pods/Pods.release.xcconfig</string>
			<key>sourceTree</key>
			<string>&lt;group&gt;</string>
		</dict>
		<key>71BA571176C51B5BCAA0335D</key>
		<dict>
			<key>children</key>
			<array>
				<string>27D7982789DF28AF2F97101D</string>
				<string>4BB48A7DABD73A060E6E008E</string>
			</array>
			<key>isa</key>
			<string>PBXGroup</string>
			<key>name</key>
			<string>Pods</string>
			<key>sourceTree</key>
			<string>&lt;group&gt;</string>
		</dict>
		<key>97D7A4431FF34258AF8A5EF1</key>
		<dict>
			<key>fileRef</key>
			<string>F389E9A2C2824F69A8685B6C</string>
			<key>isa</key>
			<string>PBXBuildFile</string>
		</dict>
		<key>9CE5919C19D9615E00447DE2</key>
		<dict>
			<key>children</key>
			<array>
				<string>9CE591A719D9615E00447DE2</string>
				<string>9CE591C119D9615E00447DE2</string>
				<string>9CE591A619D9615E00447DE2</string>
				<string>1E0184E240BD4734B431D8FA</string>
				<string>71BA571176C51B5BCAA0335D</string>
			</array>
			<key>isa</key>
			<string>PBXGroup</string>
			<key>sourceTree</key>
			<string>&lt;group&gt;</string>
		</dict>
		<key>9CE5919D19D9615E00447DE2</key>
		<dict>
			<key>attributes</key>
			<dict>
				<key>LastUpgradeCheck</key>
				<string>0600</string>
				<key>ORGANIZATIONNAME</key>
				<string>Kotikan</string>
				<key>TargetAttributes</key>
				<dict>
					<key>9CE591A419D9615E00447DE2</key>
					<dict>
						<key>CreatedOnToolsVersion</key>
						<string>6.0</string>
						<key>DevelopmentTeam</key>
						<string>DPJCBP4XCC</string>
					</dict>
					<key>9CE591BD19D9615E00447DE2</key>
					<dict>
						<key>CreatedOnToolsVersion</key>
						<string>6.0</string>
						<key>TestTargetID</key>
						<string>9CE591A419D9615E00447DE2</string>
					</dict>
				</dict>
			</dict>
			<key>buildConfigurationList</key>
			<string>9CE591A019D9615E00447DE2</string>
			<key>compatibilityVersion</key>
			<string>Xcode 3.2</string>
			<key>developmentRegion</key>
			<string>English</string>
			<key>hasScannedForEncodings</key>
			<string>0</string>
			<key>isa</key>
			<string>PBXProject</string>
			<key>knownRegions</key>
			<array>
				<string>en</string>
				<string>Base</string>
			</array>
			<key>mainGroup</key>
			<string>9CE5919C19D9615E00447DE2</string>
			<key>productRefGroup</key>
			<string>9CE591A619D9615E00447DE2</string>
			<key>projectDirPath</key>
			<string></string>
			<key>projectReferences</key>
			<array/>
			<key>projectRoot</key>
			<string></string>
			<key>targets</key>
			<array>
				<string>9CE591A419D9615E00447DE2</string>
				<string>9CE591BD19D9615E00447DE2</string>
			</array>
		</dict>
		<key>9CE591A019D9615E00447DE2</key>
		<dict>
			<key>buildConfigurations</key>
			<array>
				<string>9CE591C619D9615E00447DE2</string>
				<string>9CE591C719D9615E00447DE2</string>
			</array>
			<key>defaultConfigurationIsVisible</key>
			<string>0</string>
			<key>defaultConfigurationName</key>
			<string>Release</string>
			<key>isa</key>
			<string>XCConfigurationList</string>
		</dict>
		<key>9CE591A119D9615E00447DE2</key>
		<dict>
			<key>buildActionMask</key>
			<string>2147483647</string>
			<key>files</key>
			<array>
				<string>9CE591D219D97FB600447DE2</string>
				<string>9CE591D519D9819200447DE2</string>
				<string>9CE591AE19D9615E00447DE2</string>
				<string>9CE591AB19D9615E00447DE2</string>
				<string>3044EF3278E72853AAA24336</string>
				<string>3044E8D92FD2E699111E292C</string>
				<string>3044E7507344C4509EB2EE88</string>
				<string>9CE5921519D9C5CD00447DE2</string>
				<string>3044E2662FE4F8332F6D3C44</string>
				<string>3044EA2628047EEC50504B05</string>
				<string>3044E6591ACE0CED1A0B488E</string>
				<string>3044ED96B59BDEFBF9F940A4</string>
				<string>3044E9687931AEEF383F0695</string>
				<string>3044EA29D7584FE3F4621478</string>
				<string>3044E2931554EE808501A911</string>
				<string>3044EDE9FE5502BBFFDC9ECF</string>
				<string>3044E710925207E4FDB6D358</string>
				<string>3044E3F0EA3F62D861A7C87E</string>
				<string>ACD095694F51861B16FA342C</string>
				<string>ACD094ED978B42B0EF103FAE</string>
				<string>ACD099BE3750EE8CDC5AE77D</string>
				<string>ACD09E9DF3B6DE91F2B64053</string>
				<string>ACD09AEC2A7F8967457CFBD6</string>
				<string>ACD097417D9FB725D7A47946</string>
				<string>ACD0965B48D17C3A4959EE90</string>
				<string>ACD093FE04F962D758AA9D15</string>
				<string>ACD09C5BABC374046997BACA</string>
				<string>ACD09652989280A2728896DF</string>
			</array>
			<key>isa</key>
			<string>PBXSourcesBuildPhase</string>
			<key>runOnlyForDeploymentPostprocessing</key>
			<string>0</string>
		</dict>
		<key>9CE591A219D9615E00447DE2</key>
		<dict>
			<key>buildActionMask</key>
			<string>2147483647</string>
			<key>files</key>
			<array>
				<string>97D7A4431FF34258AF8A5EF1</string>
			</array>
			<key>isa</key>
			<string>PBXFrameworksBuildPhase</string>
			<key>runOnlyForDeploymentPostprocessing</key>
			<string>0</string>
		</dict>
		<key>9CE591A319D9615E00447DE2</key>
		<dict>
			<key>buildActionMask</key>
			<string>2147483647</string>
			<key>files</key>
			<array>
				<string>9CE591B419D9615E00447DE2</string>
				<string>9CE591B919D9615E00447DE2</string>
				<string>9CE591B619D9615E00447DE2</string>
				<string>3044ED94B9DE4D44AD105921</string>
			</array>
			<key>isa</key>
			<string>PBXResourcesBuildPhase</string>
			<key>runOnlyForDeploymentPostprocessing</key>
			<string>0</string>
		</dict>
		<key>9CE591A419D9615E00447DE2</key>
		<dict>
			<key>buildConfigurationList</key>
			<string>9CE591C819D9615E00447DE2</string>
			<key>buildPhases</key>
			<array>
				<string>E8DC359F77E74F24BD1F8BC4</string>
				<string>9CE591A119D9615E00447DE2</string>
				<string>9CE591A219D9615E00447DE2</string>
				<string>9CE591A319D9615E00447DE2</string>
				<string>E00BCE86735F4582BE2EB737</string>
			</array>
			<key>buildRules</key>
			<array/>
			<key>dependencies</key>
			<array/>
			<key>isa</key>
			<string>PBXNativeTarget</string>
			<key>name</key>
			<string>KPPoker</string>
			<key>productName</key>
			<string>KPPoker</string>
			<key>productReference</key>
			<string>9CE591A519D9615E00447DE2</string>
			<key>productType</key>
			<string>com.apple.product-type.application</string>
		</dict>
		<key>9CE591A519D9615E00447DE2</key>
		<dict>
			<key>explicitFileType</key>
			<string>wrapper.application</string>
			<key>includeInIndex</key>
			<string>0</string>
			<key>isa</key>
			<string>PBXFileReference</string>
			<key>path</key>
			<string>KPPoker.app</string>
			<key>sourceTree</key>
			<string>BUILT_PRODUCTS_DIR</string>
		</dict>
		<key>9CE591A619D9615E00447DE2</key>
		<dict>
			<key>children</key>
			<array>
				<string>9CE591A519D9615E00447DE2</string>
				<string>9CE591BE19D9615E00447DE2</string>
			</array>
			<key>isa</key>
			<string>PBXGroup</string>
			<key>name</key>
			<string>Products</string>
			<key>sourceTree</key>
			<string>&lt;group&gt;</string>
		</dict>
		<key>9CE591A719D9615E00447DE2</key>
		<dict>
			<key>children</key>
			<array>
				<string>9CE591AC19D9615E00447DE2</string>
				<string>9CE591AD19D9615E00447DE2</string>
				<string>9CE591B219D9615E00447DE2</string>
				<string>9CE591B519D9615E00447DE2</string>
				<string>9CE591B719D9615E00447DE2</string>
				<string>9CE591A819D9615E00447DE2</string>
				<string>3044EF4DDE23C6C429852BBE</string>
				<string>3044ED1A879E0CE3213EB57D</string>
				<string>3044E6BC4095F3A749454897</string>
				<string>ACD098AC6E56C8F77E21DEB8</string>
			</array>
			<key>isa</key>
			<string>PBXGroup</string>
			<key>path</key>
			<string>KPPoker</string>
			<key>sourceTree</key>
			<string>&lt;group&gt;</string>
		</dict>
		<key>9CE591A819D9615E00447DE2</key>
		<dict>
			<key>children</key>
			<array>
				<string>9CE591A919D9615E00447DE2</string>
				<string>9CE591AA19D9615E00447DE2</string>
			</array>
			<key>isa</key>
			<string>PBXGroup</string>
			<key>name</key>
			<string>Supporting Files</string>
			<key>sourceTree</key>
			<string>&lt;group&gt;</string>
		</dict>
		<key>9CE591A919D9615E00447DE2</key>
		<dict>
			<key>isa</key>
			<string>PBXFileReference</string>
			<key>lastKnownFileType</key>
			<string>text.plist.xml</string>
			<key>path</key>
			<string>Info.plist</string>
			<key>sourceTree</key>
			<string>&lt;group&gt;</string>
		</dict>
		<key>9CE591AA19D9615E00447DE2</key>
		<dict>
			<key>isa</key>
			<string>PBXFileReference</string>
			<key>lastKnownFileType</key>
			<string>sourcecode.c.objc</string>
			<key>path</key>
			<string>main.m</string>
			<key>sourceTree</key>
			<string>&lt;group&gt;</string>
		</dict>
		<key>9CE591AB19D9615E00447DE2</key>
		<dict>
			<key>fileRef</key>
			<string>9CE591AA19D9615E00447DE2</string>
			<key>isa</key>
			<string>PBXBuildFile</string>
		</dict>
		<key>9CE591AC19D9615E00447DE2</key>
		<dict>
			<key>isa</key>
			<string>PBXFileReference</string>
			<key>lastKnownFileType</key>
			<string>sourcecode.c.h</string>
			<key>path</key>
			<string>AppDelegate.h</string>
			<key>sourceTree</key>
			<string>&lt;group&gt;</string>
		</dict>
		<key>9CE591AD19D9615E00447DE2</key>
		<dict>
			<key>isa</key>
			<string>PBXFileReference</string>
			<key>lastKnownFileType</key>
			<string>sourcecode.c.objc</string>
			<key>path</key>
			<string>AppDelegate.m</string>
			<key>sourceTree</key>
			<string>&lt;group&gt;</string>
		</dict>
		<key>9CE591AE19D9615E00447DE2</key>
		<dict>
			<key>fileRef</key>
			<string>9CE591AD19D9615E00447DE2</string>
			<key>isa</key>
			<string>PBXBuildFile</string>
		</dict>
		<key>9CE591B219D9615E00447DE2</key>
		<dict>
			<key>children</key>
			<array>
				<string>9CE591B319D9615E00447DE2</string>
			</array>
			<key>isa</key>
			<string>PBXVariantGroup</string>
			<key>name</key>
			<string>Main.storyboard</string>
			<key>sourceTree</key>
			<string>&lt;group&gt;</string>
		</dict>
		<key>9CE591B319D9615E00447DE2</key>
		<dict>
			<key>isa</key>
			<string>PBXFileReference</string>
			<key>lastKnownFileType</key>
			<string>file.storyboard</string>
			<key>name</key>
			<string>Base</string>
			<key>path</key>
			<string>Base.lproj/Main.storyboard</string>
			<key>sourceTree</key>
			<string>&lt;group&gt;</string>
		</dict>
		<key>9CE591B419D9615E00447DE2</key>
		<dict>
			<key>fileRef</key>
			<string>9CE591B219D9615E00447DE2</string>
			<key>isa</key>
			<string>PBXBuildFile</string>
		</dict>
		<key>9CE591B519D9615E00447DE2</key>
		<dict>
			<key>isa</key>
			<string>PBXFileReference</string>
			<key>lastKnownFileType</key>
			<string>folder.assetcatalog</string>
			<key>path</key>
			<string>Images.xcassets</string>
			<key>sourceTree</key>
			<string>&lt;group&gt;</string>
		</dict>
		<key>9CE591B619D9615E00447DE2</key>
		<dict>
			<key>fileRef</key>
			<string>9CE591B519D9615E00447DE2</string>
			<key>isa</key>
			<string>PBXBuildFile</string>
		</dict>
		<key>9CE591B719D9615E00447DE2</key>
		<dict>
			<key>children</key>
			<array>
				<string>9CE591B819D9615E00447DE2</string>
			</array>
			<key>isa</key>
			<string>PBXVariantGroup</string>
			<key>name</key>
			<string>LaunchScreen.xib</string>
			<key>sourceTree</key>
			<string>&lt;group&gt;</string>
		</dict>
		<key>9CE591B819D9615E00447DE2</key>
		<dict>
			<key>isa</key>
			<string>PBXFileReference</string>
			<key>lastKnownFileType</key>
			<string>file.xib</string>
			<key>name</key>
			<string>Base</string>
			<key>path</key>
			<string>Base.lproj/LaunchScreen.xib</string>
			<key>sourceTree</key>
			<string>&lt;group&gt;</string>
		</dict>
		<key>9CE591B919D9615E00447DE2</key>
		<dict>
			<key>fileRef</key>
			<string>9CE591B719D9615E00447DE2</string>
			<key>isa</key>
			<string>PBXBuildFile</string>
		</dict>
		<key>9CE591BA19D9615E00447DE2</key>
		<dict>
			<key>buildActionMask</key>
			<string>2147483647</string>
			<key>files</key>
			<array>
				<string>9CE591C519D9615E00447DE2</string>
				<string>ACD09840A2F0D95214129B4D</string>
				<string>ACD095EB43C98A82060790D7</string>
				<string>ACD092628BBF7C2316E72DD1</string>
				<string>ACD092B9C1A49DDDB1CA7917</string>
			</array>
			<key>isa</key>
			<string>PBXSourcesBuildPhase</string>
			<key>runOnlyForDeploymentPostprocessing</key>
			<string>0</string>
		</dict>
		<key>9CE591BB19D9615E00447DE2</key>
		<dict>
			<key>buildActionMask</key>
			<string>2147483647</string>
			<key>files</key>
			<array/>
			<key>isa</key>
			<string>PBXFrameworksBuildPhase</string>
			<key>runOnlyForDeploymentPostprocessing</key>
			<string>0</string>
		</dict>
		<key>9CE591BC19D9615E00447DE2</key>
		<dict>
			<key>buildActionMask</key>
			<string>2147483647</string>
			<key>files</key>
			<array/>
			<key>isa</key>
			<string>PBXResourcesBuildPhase</string>
			<key>runOnlyForDeploymentPostprocessing</key>
			<string>0</string>
		</dict>
		<key>9CE591BD19D9615E00447DE2</key>
		<dict>
			<key>buildConfigurationList</key>
			<string>9CE591CB19D9615E00447DE2</string>
			<key>buildPhases</key>
			<array>
				<string>9CE591BA19D9615E00447DE2</string>
				<string>9CE591BB19D9615E00447DE2</string>
				<string>9CE591BC19D9615E00447DE2</string>
			</array>
			<key>buildRules</key>
			<array/>
			<key>dependencies</key>
			<array>
				<string>9CE591C019D9615E00447DE2</string>
			</array>
			<key>isa</key>
			<string>PBXNativeTarget</string>
			<key>name</key>
			<string>KPPokerTests</string>
			<key>productName</key>
			<string>KPPokerTests</string>
			<key>productReference</key>
			<string>9CE591BE19D9615E00447DE2</string>
			<key>productType</key>
			<string>com.apple.product-type.bundle.unit-test</string>
		</dict>
		<key>9CE591BE19D9615E00447DE2</key>
		<dict>
			<key>explicitFileType</key>
			<string>wrapper.cfbundle</string>
			<key>includeInIndex</key>
			<string>0</string>
			<key>isa</key>
			<string>PBXFileReference</string>
			<key>path</key>
			<string>KPPokerTests.xctest</string>
			<key>sourceTree</key>
			<string>BUILT_PRODUCTS_DIR</string>
		</dict>
		<key>9CE591BF19D9615E00447DE2</key>
		<dict>
			<key>containerPortal</key>
			<string>9CE5919D19D9615E00447DE2</string>
			<key>isa</key>
			<string>PBXContainerItemProxy</string>
			<key>proxyType</key>
			<string>1</string>
			<key>remoteGlobalIDString</key>
			<string>9CE591A419D9615E00447DE2</string>
			<key>remoteInfo</key>
			<string>KPPoker</string>
		</dict>
		<key>9CE591C019D9615E00447DE2</key>
		<dict>
			<key>isa</key>
			<string>PBXTargetDependency</string>
			<key>target</key>
			<string>9CE591A419D9615E00447DE2</string>
			<key>targetProxy</key>
			<string>9CE591BF19D9615E00447DE2</string>
		</dict>
		<key>9CE591C119D9615E00447DE2</key>
		<dict>
			<key>children</key>
			<array>
				<string>9CE591C419D9615E00447DE2</string>
				<string>9CE591C219D9615E00447DE2</string>
				<string>ACD09F6FD2DDFAEEC992C0D1</string>
				<string>ACD09BEA622E825330F1927D</string>
				<string>ACD09FE20BD8F36BDB83B76B</string>
				<string>ACD0915036E897030A7FBEC5</string>
			</array>
			<key>isa</key>
			<string>PBXGroup</string>
			<key>path</key>
			<string>KPPokerTests</string>
			<key>sourceTree</key>
			<string>&lt;group&gt;</string>
		</dict>
		<key>9CE591C219D9615E00447DE2</key>
		<dict>
			<key>children</key>
			<array>
				<string>9CE591C319D9615E00447DE2</string>
			</array>
			<key>isa</key>
			<string>PBXGroup</string>
			<key>name</key>
			<string>Supporting Files</string>
			<key>sourceTree</key>
			<string>&lt;group&gt;</string>
		</dict>
		<key>9CE591C319D9615E00447DE2</key>
		<dict>
			<key>isa</key>
			<string>PBXFileReference</string>
			<key>lastKnownFileType</key>
			<string>text.plist.xml</string>
			<key>path</key>
			<string>Info.plist</string>
			<key>sourceTree</key>
			<string>&lt;group&gt;</string>
		</dict>
		<key>9CE591C419D9615E00447DE2</key>
		<dict>
			<key>isa</key>
			<string>PBXFileReference</string>
			<key>lastKnownFileType</key>
			<string>sourcecode.c.objc</string>
			<key>path</key>
			<string>KPPokerTests.m</string>
			<key>sourceTree</key>
			<string>&lt;group&gt;</string>
		</dict>
		<key>9CE591C519D9615E00447DE2</key>
		<dict>
			<key>fileRef</key>
			<string>9CE591C419D9615E00447DE2</string>
			<key>isa</key>
			<string>PBXBuildFile</string>
		</dict>
		<key>9CE591C619D9615E00447DE2</key>
		<dict>
			<key>buildSettings</key>
			<dict>
				<key>ALWAYS_SEARCH_USER_PATHS</key>
				<string>NO</string>
				<key>CLANG_CXX_LANGUAGE_STANDARD</key>
				<string>gnu++0x</string>
				<key>CLANG_CXX_LIBRARY</key>
				<string>libc++</string>
				<key>CLANG_ENABLE_MODULES</key>
				<string>YES</string>
				<key>CLANG_ENABLE_OBJC_ARC</key>
				<string>YES</string>
				<key>CLANG_WARN_BOOL_CONVERSION</key>
				<string>YES</string>
				<key>CLANG_WARN_CONSTANT_CONVERSION</key>
				<string>YES</string>
				<key>CLANG_WARN_DIRECT_OBJC_ISA_USAGE</key>
				<string>YES_ERROR</string>
				<key>CLANG_WARN_EMPTY_BODY</key>
				<string>YES</string>
				<key>CLANG_WARN_ENUM_CONVERSION</key>
				<string>YES</string>
				<key>CLANG_WARN_INT_CONVERSION</key>
				<string>YES</string>
				<key>CLANG_WARN_OBJC_ROOT_CLASS</key>
				<string>YES_ERROR</string>
				<key>CLANG_WARN_UNREACHABLE_CODE</key>
				<string>YES</string>
				<key>CLANG_WARN__DUPLICATE_METHOD_MATCH</key>
				<string>YES</string>
				<key>CODE_SIGN_IDENTITY[sdk=iphoneos*]</key>
				<string>iPhone Developer</string>
				<key>COPY_PHASE_STRIP</key>
				<string>NO</string>
				<key>ENABLE_STRICT_OBJC_MSGSEND</key>
				<string>YES</string>
				<key>GCC_C_LANGUAGE_STANDARD</key>
				<string>gnu99</string>
				<key>GCC_DYNAMIC_NO_PIC</key>
				<string>NO</string>
				<key>GCC_OPTIMIZATION_LEVEL</key>
				<string>0</string>
				<key>GCC_PREPROCESSOR_DEFINITIONS</key>
				<array>
					<string>DEBUG=1</string>
					<string>$(inherited)</string>
				</array>
				<key>GCC_SYMBOLS_PRIVATE_EXTERN</key>
				<string>NO</string>
				<key>GCC_WARN_64_TO_32_BIT_CONVERSION</key>
				<string>YES</string>
				<key>GCC_WARN_ABOUT_RETURN_TYPE</key>
				<string>YES_ERROR</string>
				<key>GCC_WARN_UNDECLARED_SELECTOR</key>
				<string>YES</string>
				<key>GCC_WARN_UNINITIALIZED_AUTOS</key>
				<string>YES_AGGRESSIVE</string>
				<key>GCC_WARN_UNUSED_FUNCTION</key>
				<string>YES</string>
				<key>GCC_WARN_UNUSED_VARIABLE</key>
				<string>YES</string>
				<key>IPHONEOS_DEPLOYMENT_TARGET</key>
				<string>8.0</string>
				<key>MTL_ENABLE_DEBUG_INFO</key>
				<string>YES</string>
				<key>ONLY_ACTIVE_ARCH</key>
				<string>YES</string>
				<key>SDKROOT</key>
				<string>iphoneos</string>
				<key>USER_HEADER_SEARCH_PATHS</key>
				<string>"${PROJECT_DIR}/Pods"/**</string>
			</dict>
			<key>isa</key>
			<string>XCBuildConfiguration</string>
			<key>name</key>
			<string>Debug</string>
		</dict>
		<key>9CE591C719D9615E00447DE2</key>
		<dict>
			<key>buildSettings</key>
			<dict>
				<key>ALWAYS_SEARCH_USER_PATHS</key>
				<string>NO</string>
				<key>CLANG_CXX_LANGUAGE_STANDARD</key>
				<string>gnu++0x</string>
				<key>CLANG_CXX_LIBRARY</key>
				<string>libc++</string>
				<key>CLANG_ENABLE_MODULES</key>
				<string>YES</string>
				<key>CLANG_ENABLE_OBJC_ARC</key>
				<string>YES</string>
				<key>CLANG_WARN_BOOL_CONVERSION</key>
				<string>YES</string>
				<key>CLANG_WARN_CONSTANT_CONVERSION</key>
				<string>YES</string>
				<key>CLANG_WARN_DIRECT_OBJC_ISA_USAGE</key>
				<string>YES_ERROR</string>
				<key>CLANG_WARN_EMPTY_BODY</key>
				<string>YES</string>
				<key>CLANG_WARN_ENUM_CONVERSION</key>
				<string>YES</string>
				<key>CLANG_WARN_INT_CONVERSION</key>
				<string>YES</string>
				<key>CLANG_WARN_OBJC_ROOT_CLASS</key>
				<string>YES_ERROR</string>
				<key>CLANG_WARN_UNREACHABLE_CODE</key>
				<string>YES</string>
				<key>CLANG_WARN__DUPLICATE_METHOD_MATCH</key>
				<string>YES</string>
				<key>CODE_SIGN_IDENTITY[sdk=iphoneos*]</key>
				<string>iPhone Developer</string>
				<key>COPY_PHASE_STRIP</key>
				<string>YES</string>
				<key>ENABLE_NS_ASSERTIONS</key>
				<string>NO</string>
				<key>ENABLE_STRICT_OBJC_MSGSEND</key>
				<string>YES</string>
				<key>GCC_C_LANGUAGE_STANDARD</key>
				<string>gnu99</string>
				<key>GCC_WARN_64_TO_32_BIT_CONVERSION</key>
				<string>YES</string>
				<key>GCC_WARN_ABOUT_RETURN_TYPE</key>
				<string>YES_ERROR</string>
				<key>GCC_WARN_UNDECLARED_SELECTOR</key>
				<string>YES</string>
				<key>GCC_WARN_UNINITIALIZED_AUTOS</key>
				<string>YES_AGGRESSIVE</string>
				<key>GCC_WARN_UNUSED_FUNCTION</key>
				<string>YES</string>
				<key>GCC_WARN_UNUSED_VARIABLE</key>
				<string>YES</string>
				<key>IPHONEOS_DEPLOYMENT_TARGET</key>
				<string>8.0</string>
				<key>MTL_ENABLE_DEBUG_INFO</key>
				<string>NO</string>
				<key>SDKROOT</key>
				<string>iphoneos</string>
				<key>USER_HEADER_SEARCH_PATHS</key>
				<string>"${PROJECT_DIR}/Pods"/**</string>
				<key>VALIDATE_PRODUCT</key>
				<string>YES</string>
			</dict>
			<key>isa</key>
			<string>XCBuildConfiguration</string>
			<key>name</key>
			<string>Release</string>
		</dict>
		<key>9CE591C819D9615E00447DE2</key>
		<dict>
			<key>buildConfigurations</key>
			<array>
				<string>9CE591C919D9615E00447DE2</string>
				<string>9CE591CA19D9615E00447DE2</string>
			</array>
			<key>defaultConfigurationIsVisible</key>
			<string>0</string>
			<key>defaultConfigurationName</key>
			<string>Release</string>
			<key>isa</key>
			<string>XCConfigurationList</string>
		</dict>
		<key>9CE591C919D9615E00447DE2</key>
		<dict>
			<key>baseConfigurationReference</key>
			<string>27D7982789DF28AF2F97101D</string>
			<key>buildSettings</key>
			<dict>
				<key>ASSETCATALOG_COMPILER_APPICON_NAME</key>
				<string>AppIcon</string>
				<key>ASSETCATALOG_COMPILER_LAUNCHIMAGE_NAME</key>
				<string>LaunchImage</string>
				<key>INFOPLIST_FILE</key>
				<string>KPPoker/Info.plist</string>
				<key>IPHONEOS_DEPLOYMENT_TARGET</key>
				<string>7.0</string>
				<key>LD_RUNPATH_SEARCH_PATHS</key>
				<string>$(inherited) @executable_path/Frameworks</string>
				<key>PRODUCT_NAME</key>
				<string>$(TARGET_NAME)</string>
				<key>USER_HEADER_SEARCH_PATHS</key>
				<string>"${PROJECT_DIR}/Pods"/**</string>
			</dict>
			<key>isa</key>
			<string>XCBuildConfiguration</string>
			<key>name</key>
			<string>Debug</string>
		</dict>
		<key>9CE591CA19D9615E00447DE2</key>
		<dict>
			<key>baseConfigurationReference</key>
			<string>4BB48A7DABD73A060E6E008E</string>
			<key>buildSettings</key>
			<dict>
				<key>ASSETCATALOG_COMPILER_APPICON_NAME</key>
				<string>AppIcon</string>
				<key>ASSETCATALOG_COMPILER_LAUNCHIMAGE_NAME</key>
				<string>LaunchImage</string>
				<key>INFOPLIST_FILE</key>
				<string>KPPoker/Info.plist</string>
				<key>IPHONEOS_DEPLOYMENT_TARGET</key>
				<string>7.0</string>
				<key>LD_RUNPATH_SEARCH_PATHS</key>
				<string>$(inherited) @executable_path/Frameworks</string>
				<key>PRODUCT_NAME</key>
				<string>$(TARGET_NAME)</string>
				<key>USER_HEADER_SEARCH_PATHS</key>
				<string>"${PROJECT_DIR}/Pods"/**</string>
			</dict>
			<key>isa</key>
			<string>XCBuildConfiguration</string>
			<key>name</key>
			<string>Release</string>
		</dict>
		<key>9CE591CB19D9615E00447DE2</key>
		<dict>
			<key>buildConfigurations</key>
			<array>
				<string>9CE591CC19D9615E00447DE2</string>
				<string>9CE591CD19D9615E00447DE2</string>
			</array>
			<key>defaultConfigurationIsVisible</key>
			<string>0</string>
			<key>defaultConfigurationName</key>
			<string>Release</string>
			<key>isa</key>
			<string>XCConfigurationList</string>
		</dict>
		<key>9CE591CC19D9615E00447DE2</key>
		<dict>
			<key>buildSettings</key>
			<dict>
				<key>BUNDLE_LOADER</key>
				<string>$(TEST_HOST)</string>
				<key>FRAMEWORK_SEARCH_PATHS</key>
				<array>
					<string>$(SDKROOT)/Developer/Library/Frameworks</string>
					<string>$(inherited)</string>
				</array>
				<key>GCC_PREPROCESSOR_DEFINITIONS</key>
				<array>
					<string>DEBUG=1</string>
					<string>$(inherited)</string>
				</array>
				<key>INFOPLIST_FILE</key>
				<string>KPPokerTests/Info.plist</string>
				<key>LD_RUNPATH_SEARCH_PATHS</key>
				<string>$(inherited) @executable_path/Frameworks @loader_path/Frameworks</string>
				<key>PRODUCT_NAME</key>
				<string>$(TARGET_NAME)</string>
				<key>TEST_HOST</key>
				<string>$(BUILT_PRODUCTS_DIR)/KPPoker.app/KPPoker</string>
			</dict>
			<key>isa</key>
			<string>XCBuildConfiguration</string>
			<key>name</key>
			<string>Debug</string>
		</dict>
		<key>9CE591CD19D9615E00447DE2</key>
		<dict>
			<key>buildSettings</key>
			<dict>
				<key>BUNDLE_LOADER</key>
				<string>$(TEST_HOST)</string>
				<key>FRAMEWORK_SEARCH_PATHS</key>
				<array>
					<string>$(SDKROOT)/Developer/Library/Frameworks</string>
					<string>$(inherited)</string>
				</array>
				<key>INFOPLIST_FILE</key>
				<string>KPPokerTests/Info.plist</string>
				<key>LD_RUNPATH_SEARCH_PATHS</key>
				<string>$(inherited) @executable_path/Frameworks @loader_path/Frameworks</string>
				<key>PRODUCT_NAME</key>
				<string>$(TARGET_NAME)</string>
				<key>TEST_HOST</key>
				<string>$(BUILT_PRODUCTS_DIR)/KPPoker.app/KPPoker</string>
			</dict>
			<key>isa</key>
			<string>XCBuildConfiguration</string>
			<key>name</key>
			<string>Release</string>
		</dict>
		<key>9CE591D019D97FB600447DE2</key>
		<dict>
			<key>fileEncoding</key>
			<string>4</string>
			<key>isa</key>
			<string>PBXFileReference</string>
			<key>lastKnownFileType</key>
			<string>sourcecode.c.h</string>
			<key>path</key>
			<string>CardViewController.h</string>
			<key>sourceTree</key>
			<string>&lt;group&gt;</string>
		</dict>
		<key>9CE591D119D97FB600447DE2</key>
		<dict>
			<key>fileEncoding</key>
			<string>4</string>
			<key>isa</key>
			<string>PBXFileReference</string>
			<key>lastKnownFileType</key>
			<string>sourcecode.c.objc</string>
			<key>path</key>
			<string>CardViewController.m</string>
			<key>sourceTree</key>
			<string>&lt;group&gt;</string>
		</dict>
		<key>9CE591D219D97FB600447DE2</key>
		<dict>
			<key>fileRef</key>
			<string>9CE591D119D97FB600447DE2</string>
			<key>isa</key>
			<string>PBXBuildFile</string>
		</dict>
		<key>9CE591D319D9819200447DE2</key>
		<dict>
			<key>fileEncoding</key>
			<string>4</string>
			<key>isa</key>
			<string>PBXFileReference</string>
			<key>lastKnownFileType</key>
			<string>sourcecode.c.h</string>
			<key>path</key>
			<string>DismissSegue.h</string>
			<key>sourceTree</key>
			<string>&lt;group&gt;</string>
		</dict>
		<key>9CE591D419D9819200447DE2</key>
		<dict>
			<key>fileEncoding</key>
			<string>4</string>
			<key>isa</key>
			<string>PBXFileReference</string>
			<key>lastKnownFileType</key>
			<string>sourcecode.c.objc</string>
			<key>path</key>
			<string>DismissSegue.m</string>
			<key>sourceTree</key>
			<string>&lt;group&gt;</string>
		</dict>
		<key>9CE591D519D9819200447DE2</key>
		<dict>
			<key>fileRef</key>
			<string>9CE591D419D9819200447DE2</string>
			<key>isa</key>
			<string>PBXBuildFile</string>
		</dict>
		<key>9CE5921319D9C5CD00447DE2</key>
		<dict>
			<key>fileEncoding</key>
			<string>4</string>
			<key>isa</key>
			<string>PBXFileReference</string>
			<key>lastKnownFileType</key>
			<string>sourcecode.c.h</string>
			<key>path</key>
			<string>SettingsTableViewController.h</string>
			<key>sourceTree</key>
			<string>&lt;group&gt;</string>
		</dict>
		<key>9CE5921419D9C5CD00447DE2</key>
		<dict>
			<key>fileEncoding</key>
			<string>4</string>
			<key>isa</key>
			<string>PBXFileReference</string>
			<key>lastKnownFileType</key>
			<string>sourcecode.c.objc</string>
			<key>path</key>
			<string>SettingsTableViewController.m</string>
			<key>sourceTree</key>
			<string>&lt;group&gt;</string>
		</dict>
		<key>9CE5921519D9C5CD00447DE2</key>
		<dict>
			<key>fileRef</key>
			<string>9CE5921419D9C5CD00447DE2</string>
			<key>isa</key>
			<string>PBXBuildFile</string>
		</dict>
		<key>ACD09089E6AE1762072D3EBC</key>
		<dict>
			<key>fileEncoding</key>
			<string>4</string>
			<key>isa</key>
			<string>PBXFileReference</string>
			<key>lastKnownFileType</key>
			<string>sourcecode.c.h</string>
			<key>path</key>
			<string>BaseCurrentStory.h</string>
			<key>sourceTree</key>
			<string>&lt;group&gt;</string>
		</dict>
		<key>ACD091219CB90846110AD239</key>
		<dict>
			<key>fileEncoding</key>
			<string>4</string>
			<key>isa</key>
			<string>PBXFileReference</string>
			<key>lastKnownFileType</key>
			<string>sourcecode.c.objc</string>
			<key>path</key>
			<string>StoriesTable.m</string>
			<key>sourceTree</key>
			<string>&lt;group&gt;</string>
		</dict>
		<key>ACD0915036E897030A7FBEC5</key>
		<dict>
			<key>fileEncoding</key>
			<string>4</string>
			<key>isa</key>
			<string>PBXFileReference</string>
			<key>lastKnownFileType</key>
			<string>sourcecode.c.objc</string>
			<key>path</key>
			<string>StoriesTableTest.m</string>
			<key>sourceTree</key>
			<string>&lt;group&gt;</string>
		</dict>
		<key>ACD092628BBF7C2316E72DD1</key>
		<dict>
			<key>fileRef</key>
			<string>ACD09FE20BD8F36BDB83B76B</string>
			<key>isa</key>
			<string>PBXBuildFile</string>
		</dict>
		<key>ACD092B9C1A49DDDB1CA7917</key>
		<dict>
			<key>fileRef</key>
			<string>ACD0915036E897030A7FBEC5</string>
			<key>isa</key>
			<string>PBXBuildFile</string>
		</dict>
		<key>ACD093445D63C63CA88EAE58</key>
		<dict>
			<key>fileEncoding</key>
			<string>4</string>
			<key>isa</key>
			<string>PBXFileReference</string>
			<key>lastKnownFileType</key>
			<string>sourcecode.c.h</string>
			<key>path</key>
			<string>SessionsTable.h</string>
			<key>sourceTree</key>
			<string>&lt;group&gt;</string>
		</dict>
		<key>ACD093B6EAD27DAC7B16C718</key>
		<dict>
			<key>fileEncoding</key>
			<string>4</string>
			<key>isa</key>
			<string>PBXFileReference</string>
			<key>lastKnownFileType</key>
			<string>sourcecode.c.h</string>
			<key>path</key>
			<string>CurrentStoryTable.h</string>
			<key>sourceTree</key>
			<string>&lt;group&gt;</string>
		</dict>
		<key>ACD093FE04F962D758AA9D15</key>
		<dict>
			<key>fileRef</key>
			<string>ACD0956F8DEBF6178E4D899B</string>
			<key>isa</key>
			<string>PBXBuildFile</string>
		</dict>
		<key>ACD0949F2F2ACEBCDB46261B</key>
		<dict>
			<key>fileEncoding</key>
			<string>4</string>
			<key>isa</key>
			<string>PBXFileReference</string>
			<key>lastKnownFileType</key>
			<string>sourcecode.c.h</string>
			<key>path</key>
			<string>ScoreTable.h</string>
			<key>sourceTree</key>
			<string>&lt;group&gt;</string>
		</dict>
		<key>ACD094DB58A584CCEC1BC36A</key>
		<dict>
			<key>fileEncoding</key>
			<string>4</string>
			<key>isa</key>
			<string>PBXFileReference</string>
			<key>lastKnownFileType</key>
			<string>sourcecode.c.h</string>
			<key>path</key>
			<string>StoriesInteractor.h</string>
			<key>sourceTree</key>
			<string>&lt;group&gt;</string>
		</dict>
		<key>ACD094ED978B42B0EF103FAE</key>
		<dict>
			<key>fileRef</key>
			<string>ACD0985206B856E2A0FE8437</string>
			<key>isa</key>
			<string>PBXBuildFile</string>
		</dict>
		<key>ACD095694F51861B16FA342C</key>
		<dict>
			<key>fileRef</key>
			<string>ACD09B03A5CB8C0B0CA6DB0E</string>
			<key>isa</key>
			<string>PBXBuildFile</string>
		</dict>
		<key>ACD0956F8DEBF6178E4D899B</key>
		<dict>
			<key>fileEncoding</key>
			<string>4</string>
			<key>isa</key>
			<string>PBXFileReference</string>
			<key>lastKnownFileType</key>
			<string>sourcecode.c.objc</string>
			<key>path</key>
			<string>CurrentStoryInteractor.m</string>
			<key>sourceTree</key>
			<string>&lt;group&gt;</string>
		</dict>
		<key>ACD095868802787185F26A8B</key>
		<dict>
			<key>fileEncoding</key>
			<string>4</string>
			<key>isa</key>
			<string>PBXFileReference</string>
			<key>lastKnownFileType</key>
			<string>sourcecode.c.objc</string>
			<key>path</key>
			<string>SessionsTable.m</string>
			<key>sourceTree</key>
			<string>&lt;group&gt;</string>
		</dict>
		<key>ACD095EB43C98A82060790D7</key>
		<dict>
			<key>fileRef</key>
			<string>ACD09BEA622E825330F1927D</string>
			<key>isa</key>
			<string>PBXBuildFile</string>
		</dict>
		<key>ACD096313B251CFC48801004</key>
		<dict>
			<key>fileEncoding</key>
			<string>4</string>
			<key>isa</key>
			<string>PBXFileReference</string>
			<key>lastKnownFileType</key>
			<string>sourcecode.c.h</string>
			<key>path</key>
			<string>CurrentStoryInteractor.h</string>
			<key>sourceTree</key>
			<string>&lt;group&gt;</string>
		</dict>
		<key>ACD0964E781A53F2E933E179</key>
		<dict>
			<key>fileEncoding</key>
			<string>4</string>
			<key>isa</key>
			<string>PBXFileReference</string>
			<key>lastKnownFileType</key>
			<string>sourcecode.c.h</string>
			<key>path</key>
			<string>StoriesTable.h</string>
			<key>sourceTree</key>
			<string>&lt;group&gt;</string>
		</dict>
		<key>ACD09652989280A2728896DF</key>
		<dict>
			<key>fileRef</key>
			<string>ACD09C0ECFD23FEB3DCF6451</string>
			<key>isa</key>
			<string>PBXBuildFile</string>
		</dict>
		<key>ACD0965B48D17C3A4959EE90</key>
		<dict>
			<key>fileRef</key>
			<string>ACD0985E15EC93D78EB29B41</string>
			<key>isa</key>
			<string>PBXBuildFile</string>
		</dict>
		<key>ACD096779877660FFF0452CA</key>
		<dict>
			<key>fileEncoding</key>
			<string>4</string>
			<key>isa</key>
			<string>PBXFileReference</string>
			<key>lastKnownFileType</key>
			<string>sourcecode.c.objc</string>
			<key>path</key>
			<string>CurrentStoryTable.m</string>
			<key>sourceTree</key>
			<string>&lt;group&gt;</string>
		</dict>
		<key>ACD097417D9FB725D7A47946</key>
		<dict>
			<key>fileRef</key>
			<string>ACD096779877660FFF0452CA</string>
			<key>isa</key>
			<string>PBXBuildFile</string>
		</dict>
		<key>ACD09840A2F0D95214129B4D</key>
		<dict>
			<key>fileRef</key>
			<string>ACD09F6FD2DDFAEEC992C0D1</string>
			<key>isa</key>
			<string>PBXBuildFile</string>
		</dict>
		<key>ACD0985206B856E2A0FE8437</key>
		<dict>
			<key>fileEncoding</key>
			<string>4</string>
			<key>isa</key>
			<string>PBXFileReference</string>
			<key>lastKnownFileType</key>
			<string>sourcecode.c.objc</string>
			<key>path</key>
			<string>ScoreTable.m</string>
			<key>sourceTree</key>
			<string>&lt;group&gt;</string>
		</dict>
		<key>ACD0985E15EC93D78EB29B41</key>
		<dict>
			<key>fileEncoding</key>
			<string>4</string>
			<key>isa</key>
			<string>PBXFileReference</string>
			<key>lastKnownFileType</key>
			<string>sourcecode.c.objc</string>
			<key>path</key>
			<string>SessionsInteractor.m</string>
			<key>sourceTree</key>
			<string>&lt;group&gt;</string>
		</dict>
		<key>ACD098AC6E56C8F77E21DEB8</key>
		<dict>
			<key>children</key>
			<array>
				<string>ACD09F18A4C2707139F3D714</string>
				<string>ACD09B03A5CB8C0B0CA6DB0E</string>
				<string>ACD0949F2F2ACEBCDB46261B</string>
				<string>ACD0985206B856E2A0FE8437</string>
				<string>ACD0964E781A53F2E933E179</string>
				<string>ACD091219CB90846110AD239</string>
				<string>ACD093445D63C63CA88EAE58</string>
				<string>ACD095868802787185F26A8B</string>
				<string>ACD09A478DA188031ACD9DEA</string>
				<string>ACD09ABE5288FF038E1AE22A</string>
				<string>ACD093B6EAD27DAC7B16C718</string>
				<string>ACD096779877660FFF0452CA</string>
				<string>ACD098FB433CEED94F1741E0</string>
				<string>ACD0985E15EC93D78EB29B41</string>
				<string>ACD096313B251CFC48801004</string>
				<string>ACD0956F8DEBF6178E4D899B</string>
				<string>ACD09F06377589A06E996596</string>
				<string>ACD094DB58A584CCEC1BC36A</string>
				<string>ACD09C0ECFD23FEB3DCF6451</string>
				<string>ACD09089E6AE1762072D3EBC</string>
			</array>
			<key>isa</key>
			<string>PBXGroup</string>
			<key>path</key>
			<string>Data</string>
			<key>sourceTree</key>
			<string>&lt;group&gt;</string>
		</dict>
		<key>ACD098FB433CEED94F1741E0</key>
		<dict>
			<key>fileEncoding</key>
			<string>4</string>
			<key>isa</key>
			<string>PBXFileReference</string>
			<key>lastKnownFileType</key>
			<string>sourcecode.c.h</string>
			<key>path</key>
			<string>SessionsInteractor.h</string>
			<key>sourceTree</key>
			<string>&lt;group&gt;</string>
		</dict>
		<key>ACD099BE3750EE8CDC5AE77D</key>
		<dict>
			<key>fileRef</key>
			<string>ACD091219CB90846110AD239</string>
			<key>isa</key>
			<string>PBXBuildFile</string>
		</dict>
		<key>ACD09A478DA188031ACD9DEA</key>
		<dict>
			<key>fileEncoding</key>
			<string>4</string>
			<key>isa</key>
			<string>PBXFileReference</string>
			<key>lastKnownFileType</key>
			<string>sourcecode.c.h</string>
			<key>path</key>
			<string>ScoreInteractor.h</string>
			<key>sourceTree</key>
			<string>&lt;group&gt;</string>
		</dict>
		<key>ACD09ABE5288FF038E1AE22A</key>
		<dict>
			<key>fileEncoding</key>
			<string>4</string>
			<key>isa</key>
			<string>PBXFileReference</string>
			<key>lastKnownFileType</key>
			<string>sourcecode.c.objc</string>
			<key>path</key>
			<string>ScoreInteractor.m</string>
			<key>sourceTree</key>
			<string>&lt;group&gt;</string>
		</dict>
		<key>ACD09AEC2A7F8967457CFBD6</key>
		<dict>
			<key>fileRef</key>
			<string>ACD09ABE5288FF038E1AE22A</string>
			<key>isa</key>
			<string>PBXBuildFile</string>
		</dict>
		<key>ACD09B03A5CB8C0B0CA6DB0E</key>
		<dict>
			<key>fileEncoding</key>
			<string>4</string>
			<key>isa</key>
			<string>PBXFileReference</string>
			<key>lastKnownFileType</key>
			<string>sourcecode.c.objc</string>
			<key>path</key>
			<string>Constants.m</string>
			<key>sourceTree</key>
			<string>&lt;group&gt;</string>
		</dict>
		<key>ACD09BEA622E825330F1927D</key>
		<dict>
			<key>fileEncoding</key>
			<string>4</string>
			<key>isa</key>
			<string>PBXFileReference</string>
			<key>lastKnownFileType</key>
			<string>sourcecode.c.objc</string>
			<key>path</key>
			<string>SessionsTest.m</string>
			<key>sourceTree</key>
			<string>&lt;group&gt;</string>
		</dict>
		<key>ACD09C0ECFD23FEB3DCF6451</key>
		<dict>
			<key>fileEncoding</key>
			<string>4</string>
			<key>isa</key>
			<string>PBXFileReference</string>
			<key>lastKnownFileType</key>
			<string>sourcecode.c.objc</string>
			<key>path</key>
			<string>BaseCurrentStory.m</string>
			<key>sourceTree</key>
			<string>&lt;group&gt;</string>
		</dict>
		<key>ACD09C5BABC374046997BACA</key>
		<dict>
			<key>fileRef</key>
			<string>ACD09F06377589A06E996596</string>
			<key>isa</key>
			<string>PBXBuildFile</string>
		</dict>
		<key>ACD09E9DF3B6DE91F2B64053</key>
		<dict>
			<key>fileRef</key>
			<string>ACD095868802787185F26A8B</string>
			<key>isa</key>
			<string>PBXBuildFile</string>
		</dict>
		<key>ACD09F06377589A06E996596</key>
		<dict>
			<key>fileEncoding</key>
			<string>4</string>
			<key>isa</key>
			<string>PBXFileReference</string>
			<key>lastKnownFileType</key>
			<string>sourcecode.c.objc</string>
			<key>path</key>
			<string>StoriesInteractor.m</string>
			<key>sourceTree</key>
			<string>&lt;group&gt;</string>
		</dict>
		<key>ACD09F18A4C2707139F3D714</key>
		<dict>
			<key>fileEncoding</key>
			<string>4</string>
			<key>isa</key>
			<string>PBXFileReference</string>
			<key>lastKnownFileType</key>
			<string>sourcecode.c.h</string>
			<key>path</key>
			<string>Constants.h</string>
			<key>sourceTree</key>
			<string>&lt;group&gt;</string>
		</dict>
		<key>ACD09F6FD2DDFAEEC992C0D1</key>
		<dict>
			<key>fileEncoding</key>
			<string>4</string>
			<key>isa</key>
			<string>PBXFileReference</string>
			<key>lastKnownFileType</key>
			<string>sourcecode.c.objc</string>
			<key>path</key>
			<string>CurrentStoryTableTest.m</string>
			<key>sourceTree</key>
			<string>&lt;group&gt;</string>
		</dict>
		<key>ACD09FE20BD8F36BDB83B76B</key>
		<dict>
			<key>fileEncoding</key>
			<string>4</string>
			<key>isa</key>
			<string>PBXFileReference</string>
			<key>lastKnownFileType</key>
			<string>sourcecode.c.objc</string>
			<key>path</key>
			<string>ScoreTableTest.m</string>
			<key>sourceTree</key>
			<string>&lt;group&gt;</string>
		</dict>
		<key>E00BCE86735F4582BE2EB737</key>
		<dict>
			<key>buildActionMask</key>
			<string>2147483647</string>
			<key>files</key>
			<array/>
			<key>inputPaths</key>
			<array/>
			<key>isa</key>
			<string>PBXShellScriptBuildPhase</string>
			<key>name</key>
			<string>Copy Pods Resources</string>
			<key>outputPaths</key>
			<array/>
			<key>runOnlyForDeploymentPostprocessing</key>
			<string>0</string>
			<key>shellPath</key>
			<string>/bin/sh</string>
			<key>shellScript</key>
			<string>"${SRCROOT}/Pods/Target Support Files/Pods/Pods-resources.sh"
</string>
			<key>showEnvVarsInLog</key>
			<string>0</string>
		</dict>
		<key>E8DC359F77E74F24BD1F8BC4</key>
		<dict>
			<key>buildActionMask</key>
			<string>2147483647</string>
			<key>files</key>
			<array/>
			<key>inputPaths</key>
			<array/>
			<key>isa</key>
			<string>PBXShellScriptBuildPhase</string>
			<key>name</key>
			<string>Check Pods Manifest.lock</string>
			<key>outputPaths</key>
			<array/>
			<key>runOnlyForDeploymentPostprocessing</key>
			<string>0</string>
			<key>shellPath</key>
			<string>/bin/sh</string>
			<key>shellScript</key>
			<string>diff "${PODS_ROOT}/../Podfile.lock" "${PODS_ROOT}/Manifest.lock" &gt; /dev/null
if [[ $? != 0 ]] ; then
    cat &lt;&lt; EOM
error: The sandbox is not in sync with the Podfile.lock. Run 'pod install' or update your CocoaPods installation.
EOM
    exit 1
fi
</string>
			<key>showEnvVarsInLog</key>
			<string>0</string>
		</dict>
		<key>F389E9A2C2824F69A8685B6C</key>
		<dict>
			<key>explicitFileType</key>
			<string>archive.ar</string>
			<key>includeInIndex</key>
			<string>0</string>
			<key>isa</key>
			<string>PBXFileReference</string>
			<key>path</key>
			<string>libPods.a</string>
			<key>sourceTree</key>
			<string>BUILT_PRODUCTS_DIR</string>
		</dict>
	</dict>
	<key>rootObject</key>
	<string>9CE5919D19D9615E00447DE2</string>
</dict>
</plist>
